
Microsoft Visual Studio Solution File, Format Version 12.00
# Visual Studio 15
VisualStudioVersion = 15.0.26124.0
MinimumVisualStudioVersion = 15.0.26124.0
Project("{FAE04EC0-301F-11D3-BF4B-00C04F79EFBC}") = "PaymentContext.Domain", "PaymentContext.Domain\PaymentContext.Domain.csproj", "{4D73F39D-E409-4396-9F4A-7D972623E84C}"
EndProject
Project("{FAE04EC0-301F-11D3-BF4B-00C04F79EFBC}") = "PaymentContext.Shared", "PaymentContext.Shared\PaymentContext.Shared.csproj", "{759DE56B-7218-4FCB-BBCF-18637E9A883C}"
EndProject
Project("{FAE04EC0-301F-11D3-BF4B-00C04F79EFBC}") = "PaymentContext.Tests", "PaymentContext.Tests\PaymentContext.Tests.csproj", "{2DEF5122-F452-4933-A24F-DD3520A93AC1}"
EndProject
Global
	GlobalSection(SolutionConfigurationPlatforms) = preSolution
		Debug|Any CPU = Debug|Any CPU
		Debug|x64 = Debug|x64
		Debug|x86 = Debug|x86
		Release|Any CPU = Release|Any CPU
		Release|x64 = Release|x64
		Release|x86 = Release|x86
	EndGlobalSection
	GlobalSection(SolutionProperties) = preSolution
		HideSolutionNode = FALSE
	EndGlobalSection
	GlobalSection(ProjectConfigurationPlatforms) = postSolution
		{4D73F39D-E409-4396-9F4A-7D972623E84C}.Debug|Any CPU.ActiveCfg = Debug|Any CPU
		{4D73F39D-E409-4396-9F4A-7D972623E84C}.Debug|Any CPU.Build.0 = Debug|Any CPU
		{4D73F39D-E409-4396-9F4A-7D972623E84C}.Debug|x64.ActiveCfg = Debug|Any CPU
		{4D73F39D-E409-4396-9F4A-7D972623E84C}.Debug|x64.Build.0 = Debug|Any CPU
		{4D73F39D-E409-4396-9F4A-7D972623E84C}.Debug|x86.ActiveCfg = Debug|Any CPU
		{4D73F39D-E409-4396-9F4A-7D972623E84C}.Debug|x86.Build.0 = Debug|Any CPU
		{4D73F39D-E409-4396-9F4A-7D972623E84C}.Release|Any CPU.ActiveCfg = Release|Any CPU
		{4D73F39D-E409-4396-9F4A-7D972623E84C}.Release|Any CPU.Build.0 = Release|Any CPU
		{4D73F39D-E409-4396-9F4A-7D972623E84C}.Release|x64.ActiveCfg = Release|Any CPU
		{4D73F39D-E409-4396-9F4A-7D972623E84C}.Release|x64.Build.0 = Release|Any CPU
		{4D73F39D-E409-4396-9F4A-7D972623E84C}.Release|x86.ActiveCfg = Release|Any CPU
		{4D73F39D-E409-4396-9F4A-7D972623E84C}.Release|x86.Build.0 = Release|Any CPU
		{759DE56B-7218-4FCB-BBCF-18637E9A883C}.Debug|Any CPU.ActiveCfg = Debug|Any CPU
		{759DE56B-7218-4FCB-BBCF-18637E9A883C}.Debug|Any CPU.Build.0 = Debug|Any CPU
		{759DE56B-7218-4FCB-BBCF-18637E9A883C}.Debug|x64.ActiveCfg = Debug|Any CPU
		{759DE56B-7218-4FCB-BBCF-18637E9A883C}.Debug|x64.Build.0 = Debug|Any CPU
		{759DE56B-7218-4FCB-BBCF-18637E9A883C}.Debug|x86.ActiveCfg = Debug|Any CPU
		{759DE56B-7218-4FCB-BBCF-18637E9A883C}.Debug|x86.Build.0 = Debug|Any CPU
		{759DE56B-7218-4FCB-BBCF-18637E9A883C}.Release|Any CPU.ActiveCfg = Release|Any CPU
		{759DE56B-7218-4FCB-BBCF-18637E9A883C}.Release|Any CPU.Build.0 = Release|Any CPU
		{759DE56B-7218-4FCB-BBCF-18637E9A883C}.Release|x64.ActiveCfg = Release|Any CPU
		{759DE56B-7218-4FCB-BBCF-18637E9A883C}.Release|x64.Build.0 = Release|Any CPU
		{759DE56B-7218-4FCB-BBCF-18637E9A883C}.Release|x86.ActiveCfg = Release|Any CPU
		{759DE56B-7218-4FCB-BBCF-18637E9A883C}.Release|x86.Build.0 = Release|Any CPU
		{2DEF5122-F452-4933-A24F-DD3520A93AC1}.Debug|Any CPU.ActiveCfg = Debug|Any CPU
		{2DEF5122-F452-4933-A24F-DD3520A93AC1}.Debug|Any CPU.Build.0 = Debug|Any CPU
		{2DEF5122-F452-4933-A24F-DD3520A93AC1}.Debug|x64.ActiveCfg = Debug|Any CPU
		{2DEF5122-F452-4933-A24F-DD3520A93AC1}.Debug|x64.Build.0 = Debug|Any CPU
		{2DEF5122-F452-4933-A24F-DD3520A93AC1}.Debug|x86.ActiveCfg = Debug|Any CPU
		{2DEF5122-F452-4933-A24F-DD3520A93AC1}.Debug|x86.Build.0 = Debug|Any CPU
		{2DEF5122-F452-4933-A24F-DD3520A93AC1}.Release|Any CPU.ActiveCfg = Release|Any CPU
		{2DEF5122-F452-4933-A24F-DD3520A93AC1}.Release|Any CPU.Build.0 = Release|Any CPU
		{2DEF5122-F452-4933-A24F-DD3520A93AC1}.Release|x64.ActiveCfg = Release|Any CPU
		{2DEF5122-F452-4933-A24F-DD3520A93AC1}.Release|x64.Build.0 = Release|Any CPU
		{2DEF5122-F452-4933-A24F-DD3520A93AC1}.Release|x86.ActiveCfg = Release|Any CPU
		{2DEF5122-F452-4933-A24F-DD3520A93AC1}.Release|x86.Build.0 = Release|Any CPU
	EndGlobalSection
EndGlobal
